
Microsoft Visual Studio Solution File, Format Version 12.00
# Visual Studio Version 17
VisualStudioVersion = 17.8.34330.188
MinimumVisualStudioVersion = 10.0.40219.1
Project("{FAE04EC0-301F-11D3-BF4B-00C04F79EFBC}") = "NTierArchitecture.WebAPI", "NTierArchitecture.WebAPI\NTierArchitecture.WebAPI.csproj", "{32DAC10F-4A14-478A-BF3F-259E2FAF03A5}"
EndProject
Project("{FAE04EC0-301F-11D3-BF4B-00C04F79EFBC}") = "NTierArchitecture.Entities", "NTierArchitecture.Entities\NTierArchitecture.Entities.csproj", "{F26F382F-2440-4B85-87D8-79F68132037B}"
EndProject
Project("{FAE04EC0-301F-11D3-BF4B-00C04F79EFBC}") = "NTierArchitecture.DataAccess", "NTierArchitecture.DataAccess\NTierArchitecture.DataAccess.csproj", "{660B0482-F1AA-4F73-8D1E-AC1DDBFB946B}"
EndProject
Project("{FAE04EC0-301F-11D3-BF4B-00C04F79EFBC}") = "NTierArchitecture.Business", "NTierArchitecture.Business\NTierArchitecture.Business.csproj", "{45C68934-66E8-41A7-98C5-9E30AF06FC92}"
EndProject
Global
	GlobalSection(SolutionConfigurationPlatforms) = preSolution
		Debug|Any CPU = Debug|Any CPU
		Release|Any CPU = Release|Any CPU
	EndGlobalSection
	GlobalSection(ProjectConfigurationPlatforms) = postSolution
		{32DAC10F-4A14-478A-BF3F-259E2FAF03A5}.Debug|Any CPU.ActiveCfg = Debug|Any CPU
		{32DAC10F-4A14-478A-BF3F-259E2FAF03A5}.Debug|Any CPU.Build.0 = Debug|Any CPU
		{32DAC10F-4A14-478A-BF3F-259E2FAF03A5}.Release|Any CPU.ActiveCfg = Release|Any CPU
		{32DAC10F-4A14-478A-BF3F-259E2FAF03A5}.Release|Any CPU.Build.0 = Release|Any CPU
		{F26F382F-2440-4B85-87D8-79F68132037B}.Debug|Any CPU.ActiveCfg = Debug|Any CPU
		{F26F382F-2440-4B85-87D8-79F68132037B}.Debug|Any CPU.Build.0 = Debug|Any CPU
		{F26F382F-2440-4B85-87D8-79F68132037B}.Release|Any CPU.ActiveCfg = Release|Any CPU
		{F26F382F-2440-4B85-87D8-79F68132037B}.Release|Any CPU.Build.0 = Release|Any CPU
		{660B0482-F1AA-4F73-8D1E-AC1DDBFB946B}.Debug|Any CPU.ActiveCfg = Debug|Any CPU
		{660B0482-F1AA-4F73-8D1E-AC1DDBFB946B}.Debug|Any CPU.Build.0 = Debug|Any CPU
		{660B0482-F1AA-4F73-8D1E-AC1DDBFB946B}.Release|Any CPU.ActiveCfg = Release|Any CPU
		{660B0482-F1AA-4F73-8D1E-AC1DDBFB946B}.Release|Any CPU.Build.0 = Release|Any CPU
		{45C68934-66E8-41A7-98C5-9E30AF06FC92}.Debug|Any CPU.ActiveCfg = Debug|Any CPU
		{45C68934-66E8-41A7-98C5-9E30AF06FC92}.Debug|Any CPU.Build.0 = Debug|Any CPU
		{45C68934-66E8-41A7-98C5-9E30AF06FC92}.Release|Any CPU.ActiveCfg = Release|Any CPU
		{45C68934-66E8-41A7-98C5-9E30AF06FC92}.Release|Any CPU.Build.0 = Release|Any CPU
	EndGlobalSection
	GlobalSection(SolutionProperties) = preSolution
		HideSolutionNode = FALSE
	EndGlobalSection
	GlobalSection(ExtensibilityGlobals) = postSolution
		SolutionGuid = {488C7B06-D2D5-4379-B4D3-8F4AB64184EE}
	EndGlobalSection
EndGlobal
